
Microsoft Visual Studio Solution File, Format Version 12.00
# Visual Studio Version 17
VisualStudioVersion = 17.2.32616.157
MinimumVisualStudioVersion = 10.0.40219.1
Project("{FAE04EC0-301F-11D3-BF4B-00C04F79EFBC}") = "ProxiBusNicPBN", "ProxiBusNicPBN\ProxiBusNicPBN.csproj", "{FFEF4232-9852-4120-AEB9-974A50B6373D}"
EndProject
Global
	GlobalSection(SolutionConfigurationPlatforms) = preSolution
		Debug|Any CPU = Debug|Any CPU
		Release|Any CPU = Release|Any CPU
	EndGlobalSection
	GlobalSection(ProjectConfigurationPlatforms) = postSolution
		{FFEF4232-9852-4120-AEB9-974A50B6373D}.Debug|Any CPU.ActiveCfg = Debug|Any CPU
		{FFEF4232-9852-4120-AEB9-974A50B6373D}.Debug|Any CPU.Build.0 = Debug|Any CPU
		{FFEF4232-9852-4120-AEB9-974A50B6373D}.Debug|Any CPU.Deploy.0 = Debug|Any CPU
		{FFEF4232-9852-4120-AEB9-974A50B6373D}.Release|Any CPU.ActiveCfg = Release|Any CPU
		{FFEF4232-9852-4120-AEB9-974A50B6373D}.Release|Any CPU.Build.0 = Release|Any CPU
		{FFEF4232-9852-4120-AEB9-974A50B6373D}.Release|Any CPU.Deploy.0 = Release|Any CPU
	EndGlobalSection
	GlobalSection(SolutionProperties) = preSolution
		HideSolutionNode = FALSE
	EndGlobalSection
	GlobalSection(ExtensibilityGlobals) = postSolution
		SolutionGuid = {384619C4-733E-4D76-B50A-69A7E1F65E2F}
	EndGlobalSection
EndGlobal
